
Microsoft Visual Studio Solution File, Format Version 12.00
# Visual Studio Version 17
VisualStudioVersion = 17.5.002.0
MinimumVisualStudioVersion = 10.0.40219.1
Project("{9A19103F-16F7-4668-BE54-9A1E7A4F7556}") = "SeminaC#", "SeminaC#\SeminaC#.csproj", "{CCFF2019-66CF-484C-9505-F35BCB3D3F5F}"
EndProject
Project("{2150E333-8FDC-42A3-9474-1A3956D46DE8}") = "Lesson1", "Lesson1", "{7ADE2A00-5467-466E-A889-6711B86DD087}"
EndProject
Project("{9A19103F-16F7-4668-BE54-9A1E7A4F7556}") = "Task1", "Lesson1\Task1\Task1.csproj", "{C2BBAFA6-29C6-478C-8192-EA81CA3C2A18}"
EndProject
Project("{9A19103F-16F7-4668-BE54-9A1E7A4F7556}") = "Task2", "Lesson1\Task2\Task2.csproj", "{D31CF805-A987-439D-917B-387AB661C420}"
EndProject
Project("{9A19103F-16F7-4668-BE54-9A1E7A4F7556}") = "Task3", "Lesson1\Task3\Task3.csproj", "{8780690E-F88E-44AE-8791-DD018F59FF3D}"
EndProject
Project("{9A19103F-16F7-4668-BE54-9A1E7A4F7556}") = "Task4", "Lesson1\Task4\Task4.csproj", "{C8E17226-D8B9-4BD4-8069-A46FDF56D4D6}"
EndProject
Project("{9A19103F-16F7-4668-BE54-9A1E7A4F7556}") = "Task5", "Lesson1\Task5\Task5.csproj", "{7290FB41-18F4-4FD5-9636-7D0C46DC07A8}"
EndProject
Project("{2150E333-8FDC-42A3-9474-1A3956D46DE8}") = "Lesson2", "Lesson2", "{440D80DE-E335-4476-95F1-A3CD47EC0536}"
EndProject
Project("{9A19103F-16F7-4668-BE54-9A1E7A4F7556}") = "Task1", "Lesson2\Task1\Task1.csproj", "{580EE376-6E77-43F2-B802-10004745571D}"
EndProject
Global
	GlobalSection(SolutionConfigurationPlatforms) = preSolution
		Debug|Any CPU = Debug|Any CPU
		Release|Any CPU = Release|Any CPU
	EndGlobalSection
	GlobalSection(ProjectConfigurationPlatforms) = postSolution
		{CCFF2019-66CF-484C-9505-F35BCB3D3F5F}.Debug|Any CPU.ActiveCfg = Debug|Any CPU
		{CCFF2019-66CF-484C-9505-F35BCB3D3F5F}.Debug|Any CPU.Build.0 = Debug|Any CPU
		{CCFF2019-66CF-484C-9505-F35BCB3D3F5F}.Release|Any CPU.ActiveCfg = Release|Any CPU
		{CCFF2019-66CF-484C-9505-F35BCB3D3F5F}.Release|Any CPU.Build.0 = Release|Any CPU
		{C2BBAFA6-29C6-478C-8192-EA81CA3C2A18}.Debug|Any CPU.ActiveCfg = Debug|Any CPU
		{C2BBAFA6-29C6-478C-8192-EA81CA3C2A18}.Debug|Any CPU.Build.0 = Debug|Any CPU
		{C2BBAFA6-29C6-478C-8192-EA81CA3C2A18}.Release|Any CPU.ActiveCfg = Release|Any CPU
		{C2BBAFA6-29C6-478C-8192-EA81CA3C2A18}.Release|Any CPU.Build.0 = Release|Any CPU
		{D31CF805-A987-439D-917B-387AB661C420}.Debug|Any CPU.ActiveCfg = Debug|Any CPU
		{D31CF805-A987-439D-917B-387AB661C420}.Debug|Any CPU.Build.0 = Debug|Any CPU
		{D31CF805-A987-439D-917B-387AB661C420}.Release|Any CPU.ActiveCfg = Release|Any CPU
		{D31CF805-A987-439D-917B-387AB661C420}.Release|Any CPU.Build.0 = Release|Any CPU
		{8780690E-F88E-44AE-8791-DD018F59FF3D}.Debug|Any CPU.ActiveCfg = Debug|Any CPU
		{8780690E-F88E-44AE-8791-DD018F59FF3D}.Debug|Any CPU.Build.0 = Debug|Any CPU
		{8780690E-F88E-44AE-8791-DD018F59FF3D}.Release|Any CPU.ActiveCfg = Release|Any CPU
		{8780690E-F88E-44AE-8791-DD018F59FF3D}.Release|Any CPU.Build.0 = Release|Any CPU
		{C8E17226-D8B9-4BD4-8069-A46FDF56D4D6}.Debug|Any CPU.ActiveCfg = Debug|Any CPU
		{C8E17226-D8B9-4BD4-8069-A46FDF56D4D6}.Debug|Any CPU.Build.0 = Debug|Any CPU
		{C8E17226-D8B9-4BD4-8069-A46FDF56D4D6}.Release|Any CPU.ActiveCfg = Release|Any CPU
		{C8E17226-D8B9-4BD4-8069-A46FDF56D4D6}.Release|Any CPU.Build.0 = Release|Any CPU
		{7290FB41-18F4-4FD5-9636-7D0C46DC07A8}.Debug|Any CPU.ActiveCfg = Debug|Any CPU
		{7290FB41-18F4-4FD5-9636-7D0C46DC07A8}.Debug|Any CPU.Build.0 = Debug|Any CPU
		{7290FB41-18F4-4FD5-9636-7D0C46DC07A8}.Release|Any CPU.ActiveCfg = Release|Any CPU
		{7290FB41-18F4-4FD5-9636-7D0C46DC07A8}.Release|Any CPU.Build.0 = Release|Any CPU
		{580EE376-6E77-43F2-B802-10004745571D}.Debug|Any CPU.ActiveCfg = Debug|Any CPU
		{580EE376-6E77-43F2-B802-10004745571D}.Debug|Any CPU.Build.0 = Debug|Any CPU
		{580EE376-6E77-43F2-B802-10004745571D}.Release|Any CPU.ActiveCfg = Release|Any CPU
		{580EE376-6E77-43F2-B802-10004745571D}.Release|Any CPU.Build.0 = Release|Any CPU
	EndGlobalSection
	GlobalSection(SolutionProperties) = preSolution
		HideSolutionNode = FALSE
	EndGlobalSection
	GlobalSection(NestedProjects) = preSolution
		{C2BBAFA6-29C6-478C-8192-EA81CA3C2A18} = {7ADE2A00-5467-466E-A889-6711B86DD087}
		{D31CF805-A987-439D-917B-387AB661C420} = {7ADE2A00-5467-466E-A889-6711B86DD087}
		{8780690E-F88E-44AE-8791-DD018F59FF3D} = {7ADE2A00-5467-466E-A889-6711B86DD087}
		{C8E17226-D8B9-4BD4-8069-A46FDF56D4D6} = {7ADE2A00-5467-466E-A889-6711B86DD087}
		{7290FB41-18F4-4FD5-9636-7D0C46DC07A8} = {7ADE2A00-5467-466E-A889-6711B86DD087}
		{580EE376-6E77-43F2-B802-10004745571D} = {440D80DE-E335-4476-95F1-A3CD47EC0536}
	EndGlobalSection
	GlobalSection(ExtensibilityGlobals) = postSolution
		SolutionGuid = {D4A4DF01-5869-4932-BE64-7E202F808DC3}
	EndGlobalSection
EndGlobal
